// !$*UTF8*$!
{
	archiveVersion = 1;
	classes = {
	};
	objectVersion = 55;
	objects = {

/* Begin PBXBuildFile section */
		451D06EB27986E3B00728164 /* UIViewController+Ext.swift in Sources */ = {isa = PBXBuildFile; fileRef = 451D06EA27986E3B00728164 /* UIViewController+Ext.swift */; };
		45427613279EE4D800055C54 /* DI.swift in Sources */ = {isa = PBXBuildFile; fileRef = 45427612279EE4D800055C54 /* DI.swift */; };
		45427620279F071500055C54 /* Coordinator.swift in Sources */ = {isa = PBXBuildFile; fileRef = 4542761F279F071500055C54 /* Coordinator.swift */; };
		4549B36B279854BE001E057B /* DetailViewController.swift in Sources */ = {isa = PBXBuildFile; fileRef = 4549B36A279854BE001E057B /* DetailViewController.swift */; };
		4589A9F927A31C2B00FDD9A8 /* GotAppUnitTests.swift in Sources */ = {isa = PBXBuildFile; fileRef = 4589A9F827A31C2B00FDD9A8 /* GotAppUnitTests.swift */; };
		45A660092796944F00976DB8 /* Character.swift in Sources */ = {isa = PBXBuildFile; fileRef = 45A660082796944F00976DB8 /* Character.swift */; };
		45C1119B279687BA004D2585 /* AppDelegate.swift in Sources */ = {isa = PBXBuildFile; fileRef = 45C1119A279687BA004D2585 /* AppDelegate.swift */; };
		45C1119F279687BA004D2585 /* ListViewController.swift in Sources */ = {isa = PBXBuildFile; fileRef = 45C1119E279687BA004D2585 /* ListViewController.swift */; };
		45C111A4279687BB004D2585 /* Assets.xcassets in Resources */ = {isa = PBXBuildFile; fileRef = 45C111A3279687BB004D2585 /* Assets.xcassets */; };
		45C111A7279687BB004D2585 /* LaunchScreen.storyboard in Resources */ = {isa = PBXBuildFile; fileRef = 45C111A5279687BB004D2585 /* LaunchScreen.storyboard */; };
		45C28220279FC1C10095D900 /* Router.swift in Sources */ = {isa = PBXBuildFile; fileRef = 45C2821F279FC1C10095D900 /* Router.swift */; };
		45C28222279FC4CC0095D900 /* ApplicationCoordinator.swift in Sources */ = {isa = PBXBuildFile; fileRef = 45C28221279FC4CC0095D900 /* ApplicationCoordinator.swift */; };
		45C28224279FCE910095D900 /* PersonsCoordinator.swift in Sources */ = {isa = PBXBuildFile; fileRef = 45C28223279FCE910095D900 /* PersonsCoordinator.swift */; };
		45D366C327973ED200D30BCA /* CollectionViewCell.swift in Sources */ = {isa = PBXBuildFile; fileRef = 45D366C227973ED200D30BCA /* CollectionViewCell.swift */; };
		45F497B4279AF54A0059DDC9 /* EndPointType.swift in Sources */ = {isa = PBXBuildFile; fileRef = 45F497B3279AF54A0059DDC9 /* EndPointType.swift */; };
		45F497B6279AF6100059DDC9 /* HTTPMethod.swift in Sources */ = {isa = PBXBuildFile; fileRef = 45F497B5279AF6100059DDC9 /* HTTPMethod.swift */; };
		45F497B8279AF6FB0059DDC9 /* HTTPTask.swift in Sources */ = {isa = PBXBuildFile; fileRef = 45F497B7279AF6FB0059DDC9 /* HTTPTask.swift */; };
		45F497BB279AF85F0059DDC9 /* ParameterEncoding.swift in Sources */ = {isa = PBXBuildFile; fileRef = 45F497BA279AF85F0059DDC9 /* ParameterEncoding.swift */; };
		45F497BD279B078F0059DDC9 /* URLParameterEncoder.swift in Sources */ = {isa = PBXBuildFile; fileRef = 45F497BC279B078F0059DDC9 /* URLParameterEncoder.swift */; };
		45F497BF279B08860059DDC9 /* JSONParameterEncoder.swift in Sources */ = {isa = PBXBuildFile; fileRef = 45F497BE279B08860059DDC9 /* JSONParameterEncoder.swift */; };
		45F497C1279B0A2F0059DDC9 /* NetworkRouter.swift in Sources */ = {isa = PBXBuildFile; fileRef = 45F497C0279B0A2F0059DDC9 /* NetworkRouter.swift */; };
		45F497C4279B13340059DDC9 /* GOTEndPoint.swift in Sources */ = {isa = PBXBuildFile; fileRef = 45F497C3279B13340059DDC9 /* GOTEndPoint.swift */; };
		45F497C7279B15EC0059DDC9 /* NetworkManager.swift in Sources */ = {isa = PBXBuildFile; fileRef = 45F497C6279B15EC0059DDC9 /* NetworkManager.swift */; };
		94D48459EA5D989C7F654CCE /* Pods_GotApp.framework in Frameworks */ = {isa = PBXBuildFile; fileRef = 6A68AF7F556F81ECE020CBFC /* Pods_GotApp.framework */; };
/* End PBXBuildFile section */

/* Begin PBXContainerItemProxy section */
		4589A9FA27A31C2B00FDD9A8 /* PBXContainerItemProxy */ = {
			isa = PBXContainerItemProxy;
			containerPortal = 45C1118F279687BA004D2585 /* Project object */;
			proxyType = 1;
			remoteGlobalIDString = 45C11196279687BA004D2585;
			remoteInfo = GotApp;
		};
/* End PBXContainerItemProxy section */

/* Begin PBXFileReference section */
		01B915DC975E3FBDDA624401 /* Pods-GotApp.release.xcconfig */ = {isa = PBXFileReference; includeInIndex = 1; lastKnownFileType = text.xcconfig; name = "Pods-GotApp.release.xcconfig"; path = "Target Support Files/Pods-GotApp/Pods-GotApp.release.xcconfig"; sourceTree = "<group>"; };
		451D06EA27986E3B00728164 /* UIViewController+Ext.swift */ = {isa = PBXFileReference; lastKnownFileType = sourcecode.swift; path = "UIViewController+Ext.swift"; sourceTree = "<group>"; };
		45427612279EE4D800055C54 /* DI.swift */ = {isa = PBXFileReference; lastKnownFileType = sourcecode.swift; path = DI.swift; sourceTree = "<group>"; };
		4542761F279F071500055C54 /* Coordinator.swift */ = {isa = PBXFileReference; lastKnownFileType = sourcecode.swift; path = Coordinator.swift; sourceTree = "<group>"; };
		4549B36A279854BE001E057B /* DetailViewController.swift */ = {isa = PBXFileReference; lastKnownFileType = sourcecode.swift; path = DetailViewController.swift; sourceTree = "<group>"; };
		4589A9F627A31C2B00FDD9A8 /* GotAppUnitTests.xctest */ = {isa = PBXFileReference; explicitFileType = wrapper.cfbundle; includeInIndex = 0; path = GotAppUnitTests.xctest; sourceTree = BUILT_PRODUCTS_DIR; };
		4589A9F827A31C2B00FDD9A8 /* GotAppUnitTests.swift */ = {isa = PBXFileReference; lastKnownFileType = sourcecode.swift; path = GotAppUnitTests.swift; sourceTree = "<group>"; };
		45A660082796944F00976DB8 /* Character.swift */ = {isa = PBXFileReference; lastKnownFileType = sourcecode.swift; path = Character.swift; sourceTree = "<group>"; };
		45C11197279687BA004D2585 /* GotApp.app */ = {isa = PBXFileReference; explicitFileType = wrapper.application; includeInIndex = 0; path = GotApp.app; sourceTree = BUILT_PRODUCTS_DIR; };
		45C1119A279687BA004D2585 /* AppDelegate.swift */ = {isa = PBXFileReference; lastKnownFileType = sourcecode.swift; path = AppDelegate.swift; sourceTree = "<group>"; };
		45C1119E279687BA004D2585 /* ListViewController.swift */ = {isa = PBXFileReference; lastKnownFileType = sourcecode.swift; path = ListViewController.swift; sourceTree = "<group>"; };
		45C111A3279687BB004D2585 /* Assets.xcassets */ = {isa = PBXFileReference; lastKnownFileType = folder.assetcatalog; path = Assets.xcassets; sourceTree = "<group>"; };
		45C111A6279687BB004D2585 /* Base */ = {isa = PBXFileReference; lastKnownFileType = file.storyboard; name = Base; path = Base.lproj/LaunchScreen.storyboard; sourceTree = "<group>"; };
		45C111A8279687BB004D2585 /* Info.plist */ = {isa = PBXFileReference; lastKnownFileType = text.plist.xml; path = Info.plist; sourceTree = "<group>"; };
		45C2821F279FC1C10095D900 /* Router.swift */ = {isa = PBXFileReference; lastKnownFileType = sourcecode.swift; path = Router.swift; sourceTree = "<group>"; };
		45C28221279FC4CC0095D900 /* ApplicationCoordinator.swift */ = {isa = PBXFileReference; lastKnownFileType = sourcecode.swift; path = ApplicationCoordinator.swift; sourceTree = "<group>"; };
		45C28223279FCE910095D900 /* PersonsCoordinator.swift */ = {isa = PBXFileReference; lastKnownFileType = sourcecode.swift; path = PersonsCoordinator.swift; sourceTree = "<group>"; };
		45D366C227973ED200D30BCA /* CollectionViewCell.swift */ = {isa = PBXFileReference; lastKnownFileType = sourcecode.swift; path = CollectionViewCell.swift; sourceTree = "<group>"; };
		45F497B3279AF54A0059DDC9 /* EndPointType.swift */ = {isa = PBXFileReference; lastKnownFileType = sourcecode.swift; path = EndPointType.swift; sourceTree = "<group>"; };
		45F497B5279AF6100059DDC9 /* HTTPMethod.swift */ = {isa = PBXFileReference; lastKnownFileType = sourcecode.swift; path = HTTPMethod.swift; sourceTree = "<group>"; };
		45F497B7279AF6FB0059DDC9 /* HTTPTask.swift */ = {isa = PBXFileReference; lastKnownFileType = sourcecode.swift; path = HTTPTask.swift; sourceTree = "<group>"; };
		45F497BA279AF85F0059DDC9 /* ParameterEncoding.swift */ = {isa = PBXFileReference; lastKnownFileType = sourcecode.swift; path = ParameterEncoding.swift; sourceTree = "<group>"; };
		45F497BC279B078F0059DDC9 /* URLParameterEncoder.swift */ = {isa = PBXFileReference; lastKnownFileType = sourcecode.swift; path = URLParameterEncoder.swift; sourceTree = "<group>"; };
		45F497BE279B08860059DDC9 /* JSONParameterEncoder.swift */ = {isa = PBXFileReference; lastKnownFileType = sourcecode.swift; path = JSONParameterEncoder.swift; sourceTree = "<group>"; };
		45F497C0279B0A2F0059DDC9 /* NetworkRouter.swift */ = {isa = PBXFileReference; lastKnownFileType = sourcecode.swift; path = NetworkRouter.swift; sourceTree = "<group>"; };
		45F497C3279B13340059DDC9 /* GOTEndPoint.swift */ = {isa = PBXFileReference; lastKnownFileType = sourcecode.swift; path = GOTEndPoint.swift; sourceTree = "<group>"; };
		45F497C6279B15EC0059DDC9 /* NetworkManager.swift */ = {isa = PBXFileReference; lastKnownFileType = sourcecode.swift; path = NetworkManager.swift; sourceTree = "<group>"; };
		6A68AF7F556F81ECE020CBFC /* Pods_GotApp.framework */ = {isa = PBXFileReference; explicitFileType = wrapper.framework; includeInIndex = 0; path = Pods_GotApp.framework; sourceTree = BUILT_PRODUCTS_DIR; };
		AB26F38AE75A2153451B8C24 /* Pods-GotApp.debug.xcconfig */ = {isa = PBXFileReference; includeInIndex = 1; lastKnownFileType = text.xcconfig; name = "Pods-GotApp.debug.xcconfig"; path = "Target Support Files/Pods-GotApp/Pods-GotApp.debug.xcconfig"; sourceTree = "<group>"; };
/* End PBXFileReference section */

/* Begin PBXFrameworksBuildPhase section */
		4589A9F327A31C2B00FDD9A8 /* Frameworks */ = {
			isa = PBXFrameworksBuildPhase;
			buildActionMask = 2147483647;
			files = (
			);
			runOnlyForDeploymentPostprocessing = 0;
		};
		45C11194279687BA004D2585 /* Frameworks */ = {
			isa = PBXFrameworksBuildPhase;
			buildActionMask = 2147483647;
			files = (
				94D48459EA5D989C7F654CCE /* Pods_GotApp.framework in Frameworks */,
			);
			runOnlyForDeploymentPostprocessing = 0;
		};
/* End PBXFrameworksBuildPhase section */

/* Begin PBXGroup section */
		451B4A5C2797CB4400F76C77 /* Cells */ = {
			isa = PBXGroup;
			children = (
				45D366C227973ED200D30BCA /* CollectionViewCell.swift */,
			);
			path = Cells;
			sourceTree = "<group>";
		};
		451D06EC27986E4100728164 /* Extensions */ = {
			isa = PBXGroup;
			children = (
				451D06EA27986E3B00728164 /* UIViewController+Ext.swift */,
			);
			path = Extensions;
			sourceTree = "<group>";
		};
		45427611279EE4C700055C54 /* DI */ = {
			isa = PBXGroup;
			children = (
				45427612279EE4D800055C54 /* DI.swift */,
			);
			path = DI;
			sourceTree = "<group>";
		};
		45427619279EFBAB00055C54 /* Coordinator */ = {
			isa = PBXGroup;
			children = (
				4542761F279F071500055C54 /* Coordinator.swift */,
				45C28221279FC4CC0095D900 /* ApplicationCoordinator.swift */,
				45C28223279FCE910095D900 /* PersonsCoordinator.swift */,
				45C2821F279FC1C10095D900 /* Router.swift */,
			);
			path = Coordinator;
			sourceTree = "<group>";
		};
		4549B36C279854F2001E057B /* List */ = {
			isa = PBXGroup;
			children = (
				451B4A5C2797CB4400F76C77 /* Cells */,
				45C1119E279687BA004D2585 /* ListViewController.swift */,
			);
			path = List;
			sourceTree = "<group>";
		};
		4549B36D27985502001E057B /* Detail */ = {
			isa = PBXGroup;
			children = (
				4549B36A279854BE001E057B /* DetailViewController.swift */,
			);
			path = Detail;
			sourceTree = "<group>";
		};
		4589A9F727A31C2B00FDD9A8 /* GotAppUnitTests */ = {
			isa = PBXGroup;
			children = (
				4589A9FF27A3225100FDD9A8 /* Modules */,
				4589A9F827A31C2B00FDD9A8 /* GotAppUnitTests.swift */,
			);
			path = GotAppUnitTests;
			sourceTree = "<group>";
		};
		4589A9FF27A3225100FDD9A8 /* Modules */ = {
			isa = PBXGroup;
			children = (
			);
			path = Modules;
			sourceTree = "<group>";
		};
		45A66007279692C700976DB8 /* Models */ = {
			isa = PBXGroup;
			children = (
				45A660082796944F00976DB8 /* Character.swift */,
			);
			path = Models;
			sourceTree = "<group>";
		};
		45A6600A279696B100976DB8 /* Services */ = {
			isa = PBXGroup;
			children = (
				45E1D449279AB45E007A592E /* Networking */,
			);
			path = Services;
			sourceTree = "<group>";
		};
		45C1118E279687BA004D2585 = {
			isa = PBXGroup;
			children = (
				45C11199279687BA004D2585 /* GotApp */,
				4589A9F727A31C2B00FDD9A8 /* GotAppUnitTests */,
				45C11198279687BA004D2585 /* Products */,
				E63880F23F2CB95F26C05435 /* Pods */,
				E0B8EEA0A7DCD0BB969E3D2D /* Frameworks */,
			);
			sourceTree = "<group>";
		};
		45C11198279687BA004D2585 /* Products */ = {
			isa = PBXGroup;
			children = (
				45C11197279687BA004D2585 /* GotApp.app */,
				4589A9F627A31C2B00FDD9A8 /* GotAppUnitTests.xctest */,
			);
			name = Products;
			sourceTree = "<group>";
		};
		45C11199279687BA004D2585 /* GotApp */ = {
			isa = PBXGroup;
			children = (
				45C111AE2796881E004D2585 /* App */,
				45427619279EFBAB00055C54 /* Coordinator */,
				45A66007279692C700976DB8 /* Models */,
				45C111B027968893004D2585 /* Screens */,
				45A6600A279696B100976DB8 /* Services */,
				451D06EC27986E4100728164 /* Extensions */,
				45C111AF2796882F004D2585 /* Resourses */,
			);
			path = GotApp;
			sourceTree = "<group>";
		};
		45C111AE2796881E004D2585 /* App */ = {
			isa = PBXGroup;
			children = (
				45427611279EE4C700055C54 /* DI */,
				45C1119A279687BA004D2585 /* AppDelegate.swift */,
				45C111A8279687BB004D2585 /* Info.plist */,
			);
			path = App;
			sourceTree = "<group>";
		};
		45C111AF2796882F004D2585 /* Resourses */ = {
			isa = PBXGroup;
			children = (
				45C111A3279687BB004D2585 /* Assets.xcassets */,
				45C111A5279687BB004D2585 /* LaunchScreen.storyboard */,
			);
			path = Resourses;
			sourceTree = "<group>";
		};
		45C111B027968893004D2585 /* Screens */ = {
			isa = PBXGroup;
			children = (
				4549B36C279854F2001E057B /* List */,
				4549B36D27985502001E057B /* Detail */,
			);
			path = Screens;
			sourceTree = "<group>";
		};
		45E1D449279AB45E007A592E /* Networking */ = {
			isa = PBXGroup;
			children = (
				45F497C2279B13010059DDC9 /* EndPoints */,
				45F497C5279B15D90059DDC9 /* Manager */,
				45F497B2279AF5220059DDC9 /* Service */,
				45F497B9279AF8410059DDC9 /* Encoding */,
			);
			path = Networking;
			sourceTree = "<group>";
		};
		45F497B2279AF5220059DDC9 /* Service */ = {
			isa = PBXGroup;
			children = (
				45F497B3279AF54A0059DDC9 /* EndPointType.swift */,
				45F497B5279AF6100059DDC9 /* HTTPMethod.swift */,
				45F497B7279AF6FB0059DDC9 /* HTTPTask.swift */,
				45F497C0279B0A2F0059DDC9 /* NetworkRouter.swift */,
			);
			path = Service;
			sourceTree = "<group>";
		};
		45F497B9279AF8410059DDC9 /* Encoding */ = {
			isa = PBXGroup;
			children = (
				45F497BA279AF85F0059DDC9 /* ParameterEncoding.swift */,
				45F497BC279B078F0059DDC9 /* URLParameterEncoder.swift */,
				45F497BE279B08860059DDC9 /* JSONParameterEncoder.swift */,
			);
			path = Encoding;
			sourceTree = "<group>";
		};
		45F497C2279B13010059DDC9 /* EndPoints */ = {
			isa = PBXGroup;
			children = (
				45F497C3279B13340059DDC9 /* GOTEndPoint.swift */,
			);
			path = EndPoints;
			sourceTree = "<group>";
		};
		45F497C5279B15D90059DDC9 /* Manager */ = {
			isa = PBXGroup;
			children = (
				45F497C6279B15EC0059DDC9 /* NetworkManager.swift */,
			);
			path = Manager;
			sourceTree = "<group>";
		};
		E0B8EEA0A7DCD0BB969E3D2D /* Frameworks */ = {
			isa = PBXGroup;
			children = (
				6A68AF7F556F81ECE020CBFC /* Pods_GotApp.framework */,
			);
			name = Frameworks;
			sourceTree = "<group>";
		};
		E63880F23F2CB95F26C05435 /* Pods */ = {
			isa = PBXGroup;
			children = (
				AB26F38AE75A2153451B8C24 /* Pods-GotApp.debug.xcconfig */,
				01B915DC975E3FBDDA624401 /* Pods-GotApp.release.xcconfig */,
			);
			path = Pods;
			sourceTree = "<group>";
		};
/* End PBXGroup section */

/* Begin PBXNativeTarget section */
		4589A9F527A31C2B00FDD9A8 /* GotAppUnitTests */ = {
			isa = PBXNativeTarget;
			buildConfigurationList = 4589A9FE27A31C2B00FDD9A8 /* Build configuration list for PBXNativeTarget "GotAppUnitTests" */;
			buildPhases = (
				4589A9F227A31C2B00FDD9A8 /* Sources */,
				4589A9F327A31C2B00FDD9A8 /* Frameworks */,
				4589A9F427A31C2B00FDD9A8 /* Resources */,
			);
			buildRules = (
			);
			dependencies = (
				4589A9FB27A31C2B00FDD9A8 /* PBXTargetDependency */,
			);
			name = GotAppUnitTests;
			productName = GotAppUnitTests;
			productReference = 4589A9F627A31C2B00FDD9A8 /* GotAppUnitTests.xctest */;
			productType = "com.apple.product-type.bundle.unit-test";
		};
		45C11196279687BA004D2585 /* GotApp */ = {
			isa = PBXNativeTarget;
			buildConfigurationList = 45C111AB279687BB004D2585 /* Build configuration list for PBXNativeTarget "GotApp" */;
			buildPhases = (
				D8A7BF60B62D3566C65CB2E8 /* [CP] Check Pods Manifest.lock */,
				454026BA27A18E1F004C4D10 /* Run Swiftlint */,
				45C11193279687BA004D2585 /* Sources */,
				45C11194279687BA004D2585 /* Frameworks */,
				45C11195279687BA004D2585 /* Resources */,
			);
			buildRules = (
			);
			dependencies = (
			);
			name = GotApp;
			productName = GotApp;
			productReference = 45C11197279687BA004D2585 /* GotApp.app */;
			productType = "com.apple.product-type.application";
		};
/* End PBXNativeTarget section */

/* Begin PBXProject section */
		45C1118F279687BA004D2585 /* Project object */ = {
			isa = PBXProject;
			attributes = {
				BuildIndependentTargetsInParallel = 1;
				LastSwiftUpdateCheck = 1300;
				LastUpgradeCheck = 1300;
				TargetAttributes = {
					4589A9F527A31C2B00FDD9A8 = {
						CreatedOnToolsVersion = 13.0;
						TestTargetID = 45C11196279687BA004D2585;
					};
					45C11196279687BA004D2585 = {
						CreatedOnToolsVersion = 13.0;
						LastSwiftMigration = 1300;
					};
				};
			};
			buildConfigurationList = 45C11192279687BA004D2585 /* Build configuration list for PBXProject "GotApp" */;
			compatibilityVersion = "Xcode 13.0";
			developmentRegion = en;
			hasScannedForEncodings = 0;
			knownRegions = (
				en,
				Base,
			);
			mainGroup = 45C1118E279687BA004D2585;
			productRefGroup = 45C11198279687BA004D2585 /* Products */;
			projectDirPath = "";
			projectRoot = "";
			targets = (
				45C11196279687BA004D2585 /* GotApp */,
				4589A9F527A31C2B00FDD9A8 /* GotAppUnitTests */,
			);
		};
/* End PBXProject section */

/* Begin PBXResourcesBuildPhase section */
		4589A9F427A31C2B00FDD9A8 /* Resources */ = {
			isa = PBXResourcesBuildPhase;
			buildActionMask = 2147483647;
			files = (
			);
			runOnlyForDeploymentPostprocessing = 0;
		};
		45C11195279687BA004D2585 /* Resources */ = {
			isa = PBXResourcesBuildPhase;
			buildActionMask = 2147483647;
			files = (
				45C111A7279687BB004D2585 /* LaunchScreen.storyboard in Resources */,
				45C111A4279687BB004D2585 /* Assets.xcassets in Resources */,
			);
			runOnlyForDeploymentPostprocessing = 0;
		};
/* End PBXResourcesBuildPhase section */

/* Begin PBXShellScriptBuildPhase section */
		454026BA27A18E1F004C4D10 /* Run Swiftlint */ = {
			isa = PBXShellScriptBuildPhase;
			buildActionMask = 2147483647;
			files = (
			);
			inputFileListPaths = (
			);
			inputPaths = (
			);
			name = "Run Swiftlint";
			outputFileListPaths = (
			);
			outputPaths = (
			);
			runOnlyForDeploymentPostprocessing = 0;
			shellPath = /bin/sh;
			shellScript = "${PODS_ROOT}/SwiftLint/swiftlint\n";
		};
		D8A7BF60B62D3566C65CB2E8 /* [CP] Check Pods Manifest.lock */ = {
			isa = PBXShellScriptBuildPhase;
			buildActionMask = 2147483647;
			files = (
			);
			inputFileListPaths = (
			);
			inputPaths = (
				"${PODS_PODFILE_DIR_PATH}/Podfile.lock",
				"${PODS_ROOT}/Manifest.lock",
			);
			name = "[CP] Check Pods Manifest.lock";
			outputFileListPaths = (
			);
			outputPaths = (
				"$(DERIVED_FILE_DIR)/Pods-GotApp-checkManifestLockResult.txt",
			);
			runOnlyForDeploymentPostprocessing = 0;
			shellPath = /bin/sh;
			shellScript = "diff \"${PODS_PODFILE_DIR_PATH}/Podfile.lock\" \"${PODS_ROOT}/Manifest.lock\" > /dev/null\nif [ $? != 0 ] ; then\n    # print error to STDERR\n    echo \"error: The sandbox is not in sync with the Podfile.lock. Run 'pod install' or update your CocoaPods installation.\" >&2\n    exit 1\nfi\n# This output is used by Xcode 'outputs' to avoid re-running this script phase.\necho \"SUCCESS\" > \"${SCRIPT_OUTPUT_FILE_0}\"\n";
			showEnvVarsInLog = 0;
		};
/* End PBXShellScriptBuildPhase section */

/* Begin PBXSourcesBuildPhase section */
		4589A9F227A31C2B00FDD9A8 /* Sources */ = {
			isa = PBXSourcesBuildPhase;
			buildActionMask = 2147483647;
			files = (
				4589A9F927A31C2B00FDD9A8 /* GotAppUnitTests.swift in Sources */,
			);
			runOnlyForDeploymentPostprocessing = 0;
		};
		45C11193279687BA004D2585 /* Sources */ = {
			isa = PBXSourcesBuildPhase;
			buildActionMask = 2147483647;
			files = (
				45427613279EE4D800055C54 /* DI.swift in Sources */,
				45F497B4279AF54A0059DDC9 /* EndPointType.swift in Sources */,
				45F497C4279B13340059DDC9 /* GOTEndPoint.swift in Sources */,
				45D366C327973ED200D30BCA /* CollectionViewCell.swift in Sources */,
				45C28220279FC1C10095D900 /* Router.swift in Sources */,
				45C1119F279687BA004D2585 /* ListViewController.swift in Sources */,
				45F497C7279B15EC0059DDC9 /* NetworkManager.swift in Sources */,
				451D06EB27986E3B00728164 /* UIViewController+Ext.swift in Sources */,
				45F497BF279B08860059DDC9 /* JSONParameterEncoder.swift in Sources */,
				45A660092796944F00976DB8 /* Character.swift in Sources */,
				45F497BB279AF85F0059DDC9 /* ParameterEncoding.swift in Sources */,
				45F497B6279AF6100059DDC9 /* HTTPMethod.swift in Sources */,
				45F497B8279AF6FB0059DDC9 /* HTTPTask.swift in Sources */,
				45C28224279FCE910095D900 /* PersonsCoordinator.swift in Sources */,
				45F497BD279B078F0059DDC9 /* URLParameterEncoder.swift in Sources */,
				45427620279F071500055C54 /* Coordinator.swift in Sources */,
				45C28222279FC4CC0095D900 /* ApplicationCoordinator.swift in Sources */,
				4549B36B279854BE001E057B /* DetailViewController.swift in Sources */,
				45C1119B279687BA004D2585 /* AppDelegate.swift in Sources */,
				45F497C1279B0A2F0059DDC9 /* NetworkRouter.swift in Sources */,
			);
			runOnlyForDeploymentPostprocessing = 0;
		};
/* End PBXSourcesBuildPhase section */

/* Begin PBXTargetDependency section */
		4589A9FB27A31C2B00FDD9A8 /* PBXTargetDependency */ = {
			isa = PBXTargetDependency;
			target = 45C11196279687BA004D2585 /* GotApp */;
			targetProxy = 4589A9FA27A31C2B00FDD9A8 /* PBXContainerItemProxy */;
		};
/* End PBXTargetDependency section */

/* Begin PBXVariantGroup section */
		45C111A5279687BB004D2585 /* LaunchScreen.storyboard */ = {
			isa = PBXVariantGroup;
			children = (
				45C111A6279687BB004D2585 /* Base */,
			);
			name = LaunchScreen.storyboard;
			sourceTree = "<group>";
		};
/* End PBXVariantGroup section */

/* Begin XCBuildConfiguration section */
		4589A9FC27A31C2B00FDD9A8 /* Debug */ = {
			isa = XCBuildConfiguration;
			buildSettings = {
				BUNDLE_LOADER = "$(TEST_HOST)";
				CODE_SIGN_STYLE = Automatic;
				CURRENT_PROJECT_VERSION = 1;
				GENERATE_INFOPLIST_FILE = YES;
				IPHONEOS_DEPLOYMENT_TARGET = 15.0;
				LD_RUNPATH_SEARCH_PATHS = (
					"$(inherited)",
					"@executable_path/Frameworks",
					"@loader_path/Frameworks",
				);
				MARKETING_VERSION = 1.0;
				PRODUCT_BUNDLE_IDENTIFIER = com.borisbolsh.GotAppUnitTests;
				PRODUCT_NAME = "$(TARGET_NAME)";
				SWIFT_EMIT_LOC_STRINGS = NO;
				SWIFT_VERSION = 5.0;
				TARGETED_DEVICE_FAMILY = "1,2";
				TEST_HOST = "$(BUILT_PRODUCTS_DIR)/GotApp.app/GotApp";
			};
			name = Debug;
		};
		4589A9FD27A31C2B00FDD9A8 /* Release */ = {
			isa = XCBuildConfiguration;
			buildSettings = {
				BUNDLE_LOADER = "$(TEST_HOST)";
				CODE_SIGN_STYLE = Automatic;
				CURRENT_PROJECT_VERSION = 1;
				GENERATE_INFOPLIST_FILE = YES;
				IPHONEOS_DEPLOYMENT_TARGET = 15.0;
				LD_RUNPATH_SEARCH_PATHS = (
					"$(inherited)",
					"@executable_path/Frameworks",
					"@loader_path/Frameworks",
				);
				MARKETING_VERSION = 1.0;
				PRODUCT_BUNDLE_IDENTIFIER = com.borisbolsh.GotAppUnitTests;
				PRODUCT_NAME = "$(TARGET_NAME)";
				SWIFT_EMIT_LOC_STRINGS = NO;
				SWIFT_VERSION = 5.0;
				TARGETED_DEVICE_FAMILY = "1,2";
				TEST_HOST = "$(BUILT_PRODUCTS_DIR)/GotApp.app/GotApp";
			};
			name = Release;
		};
		45C111A9279687BB004D2585 /* Debug */ = {
			isa = XCBuildConfiguration;
			buildSettings = {
				ALWAYS_SEARCH_USER_PATHS = NO;
				CLANG_ANALYZER_NONNULL = YES;
				CLANG_ANALYZER_NUMBER_OBJECT_CONVERSION = YES_AGGRESSIVE;
				CLANG_CXX_LANGUAGE_STANDARD = "gnu++17";
				CLANG_CXX_LIBRARY = "libc++";
				CLANG_ENABLE_MODULES = YES;
				CLANG_ENABLE_OBJC_ARC = YES;
				CLANG_ENABLE_OBJC_WEAK = YES;
				CLANG_WARN_BLOCK_CAPTURE_AUTORELEASING = YES;
				CLANG_WARN_BOOL_CONVERSION = YES;
				CLANG_WARN_COMMA = YES;
				CLANG_WARN_CONSTANT_CONVERSION = YES;
				CLANG_WARN_DEPRECATED_OBJC_IMPLEMENTATIONS = YES;
				CLANG_WARN_DIRECT_OBJC_ISA_USAGE = YES_ERROR;
				CLANG_WARN_DOCUMENTATION_COMMENTS = YES;
				CLANG_WARN_EMPTY_BODY = YES;
				CLANG_WARN_ENUM_CONVERSION = YES;
				CLANG_WARN_INFINITE_RECURSION = YES;
				CLANG_WARN_INT_CONVERSION = YES;
				CLANG_WARN_NON_LITERAL_NULL_CONVERSION = YES;
				CLANG_WARN_OBJC_IMPLICIT_RETAIN_SELF = YES;
				CLANG_WARN_OBJC_LITERAL_CONVERSION = YES;
				CLANG_WARN_OBJC_ROOT_CLASS = YES_ERROR;
				CLANG_WARN_QUOTED_INCLUDE_IN_FRAMEWORK_HEADER = YES;
				CLANG_WARN_RANGE_LOOP_ANALYSIS = YES;
				CLANG_WARN_STRICT_PROTOTYPES = YES;
				CLANG_WARN_SUSPICIOUS_MOVE = YES;
				CLANG_WARN_UNGUARDED_AVAILABILITY = YES_AGGRESSIVE;
				CLANG_WARN_UNREACHABLE_CODE = YES;
				CLANG_WARN__DUPLICATE_METHOD_MATCH = YES;
				COPY_PHASE_STRIP = NO;
				DEBUG_INFORMATION_FORMAT = dwarf;
				ENABLE_STRICT_OBJC_MSGSEND = YES;
				ENABLE_TESTABILITY = YES;
				GCC_C_LANGUAGE_STANDARD = gnu11;
				GCC_DYNAMIC_NO_PIC = NO;
				GCC_NO_COMMON_BLOCKS = YES;
				GCC_OPTIMIZATION_LEVEL = 0;
				GCC_PREPROCESSOR_DEFINITIONS = (
					"DEBUG=1",
					"$(inherited)",
				);
				GCC_WARN_64_TO_32_BIT_CONVERSION = YES;
				GCC_WARN_ABOUT_RETURN_TYPE = YES_ERROR;
				GCC_WARN_UNDECLARED_SELECTOR = YES;
				GCC_WARN_UNINITIALIZED_AUTOS = YES_AGGRESSIVE;
				GCC_WARN_UNUSED_FUNCTION = YES;
				GCC_WARN_UNUSED_VARIABLE = YES;
				IPHONEOS_DEPLOYMENT_TARGET = 12.0;
				MTL_ENABLE_DEBUG_INFO = INCLUDE_SOURCE;
				MTL_FAST_MATH = YES;
				ONLY_ACTIVE_ARCH = YES;
				SDKROOT = iphoneos;
				SWIFT_ACTIVE_COMPILATION_CONDITIONS = DEBUG;
				SWIFT_OPTIMIZATION_LEVEL = "-Onone";
			};
			name = Debug;
		};
		45C111AA279687BB004D2585 /* Release */ = {
			isa = XCBuildConfiguration;
			buildSettings = {
				ALWAYS_SEARCH_USER_PATHS = NO;
				CLANG_ANALYZER_NONNULL = YES;
				CLANG_ANALYZER_NUMBER_OBJECT_CONVERSION = YES_AGGRESSIVE;
				CLANG_CXX_LANGUAGE_STANDARD = "gnu++17";
				CLANG_CXX_LIBRARY = "libc++";
				CLANG_ENABLE_MODULES = YES;
				CLANG_ENABLE_OBJC_ARC = YES;
				CLANG_ENABLE_OBJC_WEAK = YES;
				CLANG_WARN_BLOCK_CAPTURE_AUTORELEASING = YES;
				CLANG_WARN_BOOL_CONVERSION = YES;
				CLANG_WARN_COMMA = YES;
				CLANG_WARN_CONSTANT_CONVERSION = YES;
				CLANG_WARN_DEPRECATED_OBJC_IMPLEMENTATIONS = YES;
				CLANG_WARN_DIRECT_OBJC_ISA_USAGE = YES_ERROR;
				CLANG_WARN_DOCUMENTATION_COMMENTS = YES;
				CLANG_WARN_EMPTY_BODY = YES;
				CLANG_WARN_ENUM_CONVERSION = YES;
				CLANG_WARN_INFINITE_RECURSION = YES;
				CLANG_WARN_INT_CONVERSION = YES;
				CLANG_WARN_NON_LITERAL_NULL_CONVERSION = YES;
				CLANG_WARN_OBJC_IMPLICIT_RETAIN_SELF = YES;
				CLANG_WARN_OBJC_LITERAL_CONVERSION = YES;
				CLANG_WARN_OBJC_ROOT_CLASS = YES_ERROR;
				CLANG_WARN_QUOTED_INCLUDE_IN_FRAMEWORK_HEADER = YES;
				CLANG_WARN_RANGE_LOOP_ANALYSIS = YES;
				CLANG_WARN_STRICT_PROTOTYPES = YES;
				CLANG_WARN_SUSPICIOUS_MOVE = YES;
				CLANG_WARN_UNGUARDED_AVAILABILITY = YES_AGGRESSIVE;
				CLANG_WARN_UNREACHABLE_CODE = YES;
				CLANG_WARN__DUPLICATE_METHOD_MATCH = YES;
				COPY_PHASE_STRIP = NO;
				DEBUG_INFORMATION_FORMAT = "dwarf-with-dsym";
				ENABLE_NS_ASSERTIONS = NO;
				ENABLE_STRICT_OBJC_MSGSEND = YES;
				GCC_C_LANGUAGE_STANDARD = gnu11;
				GCC_NO_COMMON_BLOCKS = YES;
				GCC_WARN_64_TO_32_BIT_CONVERSION = YES;
				GCC_WARN_ABOUT_RETURN_TYPE = YES_ERROR;
				GCC_WARN_UNDECLARED_SELECTOR = YES;
				GCC_WARN_UNINITIALIZED_AUTOS = YES_AGGRESSIVE;
				GCC_WARN_UNUSED_FUNCTION = YES;
				GCC_WARN_UNUSED_VARIABLE = YES;
				IPHONEOS_DEPLOYMENT_TARGET = 12.0;
				MTL_ENABLE_DEBUG_INFO = NO;
				MTL_FAST_MATH = YES;
				SDKROOT = iphoneos;
				SWIFT_COMPILATION_MODE = wholemodule;
				SWIFT_OPTIMIZATION_LEVEL = "-O";
				VALIDATE_PRODUCT = YES;
			};
			name = Release;
		};
		45C111AC279687BB004D2585 /* Debug */ = {
			isa = XCBuildConfiguration;
			baseConfigurationReference = AB26F38AE75A2153451B8C24 /* Pods-GotApp.debug.xcconfig */;
			buildSettings = {
				ASSETCATALOG_COMPILER_APPICON_NAME = AppIcon;
				ASSETCATALOG_COMPILER_GLOBAL_ACCENT_COLOR_NAME = AccentColor;
				CLANG_ENABLE_MODULES = YES;
				CODE_SIGN_STYLE = Automatic;
				CURRENT_PROJECT_VERSION = 1;
				DEVELOPMENT_TEAM = 88GGD7677D;
				GENERATE_INFOPLIST_FILE = YES;
				INFOPLIST_FILE = GotApp/App/Info.plist;
				INFOPLIST_KEY_UIApplicationSupportsIndirectInputEvents = YES;
				INFOPLIST_KEY_UILaunchStoryboardName = LaunchScreen;
				INFOPLIST_KEY_UISupportedInterfaceOrientations = UIInterfaceOrientationPortrait;
				INFOPLIST_KEY_UISupportedInterfaceOrientations_iPad = "UIInterfaceOrientationPortrait UIInterfaceOrientationPortraitUpsideDown UIInterfaceOrientationLandscapeLeft UIInterfaceOrientationLandscapeRight";
				INFOPLIST_KEY_UISupportedInterfaceOrientations_iPhone = "UIInterfaceOrientationPortrait UIInterfaceOrientationLandscapeLeft UIInterfaceOrientationLandscapeRight";
				IPHONEOS_DEPLOYMENT_TARGET = 12.0;
				LD_RUNPATH_SEARCH_PATHS = (
					"$(inherited)",
					"@executable_path/Frameworks",
				);
				MARKETING_VERSION = 1.0;
				PRODUCT_BUNDLE_IDENTIFIER = com.borisbolsh.GotApp;
				PRODUCT_NAME = "$(TARGET_NAME)";
				SWIFT_EMIT_LOC_STRINGS = YES;
				SWIFT_OPTIMIZATION_LEVEL = "-Onone";
				SWIFT_VERSION = 5.0;
				TARGETED_DEVICE_FAMILY = 1;
			};
			name = Debug;
		};
		45C111AD279687BB004D2585 /* Release */ = {
			isa = XCBuildConfiguration;
			baseConfigurationReference = 01B915DC975E3FBDDA624401 /* Pods-GotApp.release.xcconfig */;
			buildSettings = {
				ASSETCATALOG_COMPILER_APPICON_NAME = AppIcon;
				ASSETCATALOG_COMPILER_GLOBAL_ACCENT_COLOR_NAME = AccentColor;
				CLANG_ENABLE_MODULES = YES;
				CODE_SIGN_STYLE = Automatic;
				CURRENT_PROJECT_VERSION = 1;
				DEVELOPMENT_TEAM = 88GGD7677D;
				GENERATE_INFOPLIST_FILE = YES;
				INFOPLIST_FILE = GotApp/App/Info.plist;
				INFOPLIST_KEY_UIApplicationSupportsIndirectInputEvents = YES;
				INFOPLIST_KEY_UILaunchStoryboardName = LaunchScreen;
				INFOPLIST_KEY_UISupportedInterfaceOrientations = UIInterfaceOrientationPortrait;
				INFOPLIST_KEY_UISupportedInterfaceOrientations_iPad = "UIInterfaceOrientationPortrait UIInterfaceOrientationPortraitUpsideDown UIInterfaceOrientationLandscapeLeft UIInterfaceOrientationLandscapeRight";
				INFOPLIST_KEY_UISupportedInterfaceOrientations_iPhone = "UIInterfaceOrientationPortrait UIInterfaceOrientationLandscapeLeft UIInterfaceOrientationLandscapeRight";
				IPHONEOS_DEPLOYMENT_TARGET = 12.0;
				LD_RUNPATH_SEARCH_PATHS = (
					"$(inherited)",
					"@executable_path/Frameworks",
				);
				MARKETING_VERSION = 1.0;
				PRODUCT_BUNDLE_IDENTIFIER = com.borisbolsh.GotApp;
				PRODUCT_NAME = "$(TARGET_NAME)";
				SWIFT_EMIT_LOC_STRINGS = YES;
				SWIFT_VERSION = 5.0;
				TARGETED_DEVICE_FAMILY = 1;
			};
			name = Release;
		};
/* End XCBuildConfiguration section */

/* Begin XCConfigurationList section */
		4589A9FE27A31C2B00FDD9A8 /* Build configuration list for PBXNativeTarget "GotAppUnitTests" */ = {
			isa = XCConfigurationList;
			buildConfigurations = (
				4589A9FC27A31C2B00FDD9A8 /* Debug */,
				4589A9FD27A31C2B00FDD9A8 /* Release */,
			);
			defaultConfigurationIsVisible = 0;
			defaultConfigurationName = Release;
		};
		45C11192279687BA004D2585 /* Build configuration list for PBXProject "GotApp" */ = {
			isa = XCConfigurationList;
			buildConfigurations = (
				45C111A9279687BB004D2585 /* Debug */,
				45C111AA279687BB004D2585 /* Release */,
			);
			defaultConfigurationIsVisible = 0;
			defaultConfigurationName = Release;
		};
		45C111AB279687BB004D2585 /* Build configuration list for PBXNativeTarget "GotApp" */ = {
			isa = XCConfigurationList;
			buildConfigurations = (
				45C111AC279687BB004D2585 /* Debug */,
				45C111AD279687BB004D2585 /* Release */,
			);
			defaultConfigurationIsVisible = 0;
			defaultConfigurationName = Release;
		};
/* End XCConfigurationList section */
	};
	rootObject = 45C1118F279687BA004D2585 /* Project object */;
}
